
Microsoft Visual Studio Solution File, Format Version 12.00
# Visual Studio 15
VisualStudioVersion = 15.0.27703.2047
MinimumVisualStudioVersion = 10.0.40219.1
Project("{FAE04EC0-301F-11D3-BF4B-00C04F79EFBC}") = "Projeto Principal", "Projeto Principal\Projeto Principal.csproj", "{BE5547A2-9544-4290-AE49-A434E5EE7C5F}"
EndProject
Global
	GlobalSection(SolutionConfigurationPlatforms) = preSolution
		Debug|Any CPU = Debug|Any CPU
		Release|Any CPU = Release|Any CPU
	EndGlobalSection
	GlobalSection(ProjectConfigurationPlatforms) = postSolution
		{BE5547A2-9544-4290-AE49-A434E5EE7C5F}.Debug|Any CPU.ActiveCfg = Debug|Any CPU
		{BE5547A2-9544-4290-AE49-A434E5EE7C5F}.Debug|Any CPU.Build.0 = Debug|Any CPU
		{BE5547A2-9544-4290-AE49-A434E5EE7C5F}.Release|Any CPU.ActiveCfg = Release|Any CPU
		{BE5547A2-9544-4290-AE49-A434E5EE7C5F}.Release|Any CPU.Build.0 = Release|Any CPU
	EndGlobalSection
	GlobalSection(SolutionProperties) = preSolution
		HideSolutionNode = FALSE
	EndGlobalSection
	GlobalSection(ExtensibilityGlobals) = postSolution
		SolutionGuid = {A5CDA0C3-E30A-4E47-84DC-A32D1C22420F}
	EndGlobalSection
EndGlobal
